PODS:
  - SDWebImage (5.18.10):
    - SDWebImage/Core (= 5.18.10)
  - SDWebImage/Core (5.18.10)

DEPENDENCIES:
  - SDWebImage

SPEC REPOS:
  trunk:
    - SDWebImage

SPEC CHECKSUMS:
  SDWebImage: fc8f2d48bbfd72ef39d70e981bd24a3f3be53fec

PODFILE CHECKSUM: 3a18459e4423c32a889ef87d32b04ccabede5552

COCOAPODS: 1.14.3
