// !$*UTF8*$!
{
	archiveVersion = 1;
	classes = {
	};
	objectVersion = 56;
	objects = {

/* Begin PBXBuildFile section */
		27A59C2061ECD477DAD850ED /* Pods_NewsAppTests.framework in Frameworks */ = {isa = PBXBuildFile; fileRef = D55667A6535A3DED1E7B0AC1 /* Pods_NewsAppTests.framework */; };
		4A5B827DDCCBC89AEFB62958 /* Pods_NewsApp.framework in Frameworks */ = {isa = PBXBuildFile; fileRef = FF8AFDAB539AF912A4CF36F2 /* Pods_NewsApp.framework */; };
		9C626C880E60CB7A01BD78F5 /* Pods_NewsApp_NewsAppUITests.framework in Frameworks */ = {isa = PBXBuildFile; fileRef = B014DE1A705532D6327ACB5B /* Pods_NewsApp_NewsAppUITests.framework */; };
		E31DA9092B641ABC0023F37C /* NewsTableViewCell.swift in Sources */ = {isa = PBXBuildFile; fileRef = E31DA9082B641ABC0023F37C /* NewsTableViewCell.swift */; };
		E31DA90B2B641AC30023F37C /* NewsTableViewCell.xib in Resources */ = {isa = PBXBuildFile; fileRef = E31DA90A2B641AC30023F37C /* NewsTableViewCell.xib */; };
		E31DA90D2B641AD10023F37C /* ListViewModel.swift in Sources */ = {isa = PBXBuildFile; fileRef = E31DA90C2B641AD10023F37C /* ListViewModel.swift */; };
		E31DA90F2B641ADD0023F37C /* NewsDetailViewController.swift in Sources */ = {isa = PBXBuildFile; fileRef = E31DA90E2B641ADD0023F37C /* NewsDetailViewController.swift */; };
		E31DA9112B641AE20023F37C /* NewsDetailViewController.xib in Resources */ = {isa = PBXBuildFile; fileRef = E31DA9102B641AE20023F37C /* NewsDetailViewController.xib */; };
		E31DA9132B641AE80023F37C /* NewsListViewController.swift in Sources */ = {isa = PBXBuildFile; fileRef = E31DA9122B641AE80023F37C /* NewsListViewController.swift */; };
		E31DA9152B641AED0023F37C /* NewsListViewController.xib in Resources */ = {isa = PBXBuildFile; fileRef = E31DA9142B641AED0023F37C /* NewsListViewController.xib */; };
		E31DA9172B641B0F0023F37C /* NewsModel.swift in Sources */ = {isa = PBXBuildFile; fileRef = E31DA9162B641B0F0023F37C /* NewsModel.swift */; };
		E37BB1232B63798F00D3B983 /* AppDelegate.swift in Sources */ = {isa = PBXBuildFile; fileRef = E37BB1222B63798F00D3B983 /* AppDelegate.swift */; };
		E37BB1252B63798F00D3B983 /* SceneDelegate.swift in Sources */ = {isa = PBXBuildFile; fileRef = E37BB1242B63798F00D3B983 /* SceneDelegate.swift */; };
		E37BB12C2B63799100D3B983 /* Assets.xcassets in Resources */ = {isa = PBXBuildFile; fileRef = E37BB12B2B63799100D3B983 /* Assets.xcassets */; };
		E37BB12F2B63799100D3B983 /* LaunchScreen.storyboard in Resources */ = {isa = PBXBuildFile; fileRef = E37BB12D2B63799100D3B983 /* LaunchScreen.storyboard */; };
		E37BB13A2B63799100D3B983 /* NewsAppTests.swift in Sources */ = {isa = PBXBuildFile; fileRef = E37BB1392B63799100D3B983 /* NewsAppTests.swift */; };
		E37BB1442B63799100D3B983 /* NewsAppUITests.swift in Sources */ = {isa = PBXBuildFile; fileRef = E37BB1432B63799100D3B983 /* NewsAppUITests.swift */; };
		E37BB1462B63799100D3B983 /* NewsAppUITestsLaunchTests.swift in Sources */ = {isa = PBXBuildFile; fileRef = E37BB1452B63799100D3B983 /* NewsAppUITestsLaunchTests.swift */; };
		E37BB15A2B637AB300D3B983 /* APIManager.swift in Sources */ = {isa = PBXBuildFile; fileRef = E37BB1592B637AB300D3B983 /* APIManager.swift */; };
		E37BB15C2B637ABE00D3B983 /* APIServices.swift in Sources */ = {isa = PBXBuildFile; fileRef = E37BB15B2B637ABE00D3B983 /* APIServices.swift */; };
		E37BB15E2B637D3000D3B983 /* NewsApiService.swift in Sources */ = {isa = PBXBuildFile; fileRef = E37BB15D2B637D3000D3B983 /* NewsApiService.swift */; };
		E37BB1602B637D6600D3B983 /* Enums.swift in Sources */ = {isa = PBXBuildFile; fileRef = E37BB15F2B637D6600D3B983 /* Enums.swift */; };
		E37BB1622B637DBB00D3B983 /* DetailViewModel.swift in Sources */ = {isa = PBXBuildFile; fileRef = E37BB1612B637DBB00D3B983 /* DetailViewModel.swift */; };
		E3EE7BEE2B77FC8700EB4B5B /* TextView.swift in Sources */ = {isa = PBXBuildFile; fileRef = E3EE7BED2B77FC8700EB4B5B /* TextView.swift */; };
		E3EE7BF02B77FCAF00EB4B5B /* TableHeader.swift in Sources */ = {isa = PBXBuildFile; fileRef = E3EE7BEF2B77FCAF00EB4B5B /* TableHeader.swift */; };
		E3EE7BF22B77FCD200EB4B5B /* SymbolView.swift in Sources */ = {isa = PBXBuildFile; fileRef = E3EE7BF12B77FCD200EB4B5B /* SymbolView.swift */; };
		E3EE7BF42B77FCF500EB4B5B /* EmptyStateView.swift in Sources */ = {isa = PBXBuildFile; fileRef = E3EE7BF32B77FCF500EB4B5B /* EmptyStateView.swift */; };
		E3EE7BF72B77FD4400EB4B5B /* BodyLabel.swift in Sources */ = {isa = PBXBuildFile; fileRef = E3EE7BF62B77FD4400EB4B5B /* BodyLabel.swift */; };
		E3EE7BF92B77FD7D00EB4B5B /* TitleLabel.swift in Sources */ = {isa = PBXBuildFile; fileRef = E3EE7BF82B77FD7D00EB4B5B /* TitleLabel.swift */; };
		E3EE7BFC2B77FDBA00EB4B5B /* Button.swift in Sources */ = {isa = PBXBuildFile; fileRef = E3EE7BFB2B77FDBA00EB4B5B /* Button.swift */; };
/* End PBXBuildFile section */

/* Begin PBXContainerItemProxy section */
		E37BB1362B63799100D3B983 /* PBXContainerItemProxy */ = {
			isa = PBXContainerItemProxy;
			containerPortal = E37BB1172B63798F00D3B983 /* Project object */;
			proxyType = 1;
			remoteGlobalIDString = E37BB11E2B63798F00D3B983;
			remoteInfo = NewsApp;
		};
		E37BB1402B63799100D3B983 /* PBXContainerItemProxy */ = {
			isa = PBXContainerItemProxy;
			containerPortal = E37BB1172B63798F00D3B983 /* Project object */;
			proxyType = 1;
			remoteGlobalIDString = E37BB11E2B63798F00D3B983;
			remoteInfo = NewsApp;
		};
/* End PBXContainerItemProxy section */

/* Begin PBXFileReference section */
		382843626AD24F68444B5A2C /* Pods-NewsAppTests.debug.xcconfig */ = {isa = PBXFileReference; includeInIndex = 1; lastKnownFileType = text.xcconfig; name = "Pods-NewsAppTests.debug.xcconfig"; path = "Target Support Files/Pods-NewsAppTests/Pods-NewsAppTests.debug.xcconfig"; sourceTree = "<group>"; };
		444DF48970CF4B90048C6668 /* Pods-NewsApp-NewsAppUITests.release.xcconfig */ = {isa = PBXFileReference; includeInIndex = 1; lastKnownFileType = text.xcconfig; name = "Pods-NewsApp-NewsAppUITests.release.xcconfig"; path = "Target Support Files/Pods-NewsApp-NewsAppUITests/Pods-NewsApp-NewsAppUITests.release.xcconfig"; sourceTree = "<group>"; };
		7567AEC27EE12BB14C0BDDFE /* Pods-NewsApp-NewsAppUITests.debug.xcconfig */ = {isa = PBXFileReference; includeInIndex = 1; lastKnownFileType = text.xcconfig; name = "Pods-NewsApp-NewsAppUITests.debug.xcconfig"; path = "Target Support Files/Pods-NewsApp-NewsAppUITests/Pods-NewsApp-NewsAppUITests.debug.xcconfig"; sourceTree = "<group>"; };
		9AD13EEDFBEEFE894701F134 /* Pods-NewsApp.debug.xcconfig */ = {isa = PBXFileReference; includeInIndex = 1; lastKnownFileType = text.xcconfig; name = "Pods-NewsApp.debug.xcconfig"; path = "Target Support Files/Pods-NewsApp/Pods-NewsApp.debug.xcconfig"; sourceTree = "<group>"; };
		9F7F2BEA63C839256C9DC6B0 /* Pods-NewsApp.release.xcconfig */ = {isa = PBXFileReference; includeInIndex = 1; lastKnownFileType = text.xcconfig; name = "Pods-NewsApp.release.xcconfig"; path = "Target Support Files/Pods-NewsApp/Pods-NewsApp.release.xcconfig"; sourceTree = "<group>"; };
		B014DE1A705532D6327ACB5B /* Pods_NewsApp_NewsAppUITests.framework */ = {isa = PBXFileReference; explicitFileType = wrapper.framework; includeInIndex = 0; path = Pods_NewsApp_NewsAppUITests.framework; sourceTree = BUILT_PRODUCTS_DIR; };
		D55667A6535A3DED1E7B0AC1 /* Pods_NewsAppTests.framework */ = {isa = PBXFileReference; explicitFileType = wrapper.framework; includeInIndex = 0; path = Pods_NewsAppTests.framework; sourceTree = BUILT_PRODUCTS_DIR; };
		E31DA9082B641ABC0023F37C /* NewsTableViewCell.swift */ = {isa = PBXFileReference; fileEncoding = 4; lastKnownFileType = sourcecode.swift; path = NewsTableViewCell.swift; sourceTree = "<group>"; };
		E31DA90A2B641AC30023F37C /* NewsTableViewCell.xib */ = {isa = PBXFileReference; fileEncoding = 4; lastKnownFileType = file.xib; path = NewsTableViewCell.xib; sourceTree = "<group>"; };
		E31DA90C2B641AD10023F37C /* ListViewModel.swift */ = {isa = PBXFileReference; fileEncoding = 4; lastKnownFileType = sourcecode.swift; path = ListViewModel.swift; sourceTree = "<group>"; };
		E31DA90E2B641ADD0023F37C /* NewsDetailViewController.swift */ = {isa = PBXFileReference; fileEncoding = 4; lastKnownFileType = sourcecode.swift; path = NewsDetailViewController.swift; sourceTree = "<group>"; };
		E31DA9102B641AE20023F37C /* NewsDetailViewController.xib */ = {isa = PBXFileReference; fileEncoding = 4; lastKnownFileType = file.xib; path = NewsDetailViewController.xib; sourceTree = "<group>"; };
		E31DA9122B641AE80023F37C /* NewsListViewController.swift */ = {isa = PBXFileReference; fileEncoding = 4; lastKnownFileType = sourcecode.swift; path = NewsListViewController.swift; sourceTree = "<group>"; };
		E31DA9142B641AED0023F37C /* NewsListViewController.xib */ = {isa = PBXFileReference; fileEncoding = 4; lastKnownFileType = file.xib; path = NewsListViewController.xib; sourceTree = "<group>"; };
		E31DA9162B641B0F0023F37C /* NewsModel.swift */ = {isa = PBXFileReference; fileEncoding = 4; lastKnownFileType = sourcecode.swift; path = NewsModel.swift; sourceTree = "<group>"; };
		E37BB11F2B63798F00D3B983 /* NewsApp.app */ = {isa = PBXFileReference; explicitFileType = wrapper.application; includeInIndex = 0; path = NewsApp.app; sourceTree = BUILT_PRODUCTS_DIR; };
		E37BB1222B63798F00D3B983 /* AppDelegate.swift */ = {isa = PBXFileReference; lastKnownFileType = sourcecode.swift; path = AppDelegate.swift; sourceTree = "<group>"; };
		E37BB1242B63798F00D3B983 /* SceneDelegate.swift */ = {isa = PBXFileReference; lastKnownFileType = sourcecode.swift; path = SceneDelegate.swift; sourceTree = "<group>"; };
		E37BB12B2B63799100D3B983 /* Assets.xcassets */ = {isa = PBXFileReference; lastKnownFileType = folder.assetcatalog; path = Assets.xcassets; sourceTree = "<group>"; };
		E37BB12E2B63799100D3B983 /* Base */ = {isa = PBXFileReference; lastKnownFileType = file.storyboard; name = Base; path = Base.lproj/LaunchScreen.storyboard; sourceTree = "<group>"; };
		E37BB1302B63799100D3B983 /* Info.plist */ = {isa = PBXFileReference; lastKnownFileType = text.plist.xml; path = Info.plist; sourceTree = "<group>"; };
		E37BB1352B63799100D3B983 /* NewsAppTests.xctest */ = {isa = PBXFileReference; explicitFileType = wrapper.cfbundle; includeInIndex = 0; path = NewsAppTests.xctest; sourceTree = BUILT_PRODUCTS_DIR; };
		E37BB1392B63799100D3B983 /* NewsAppTests.swift */ = {isa = PBXFileReference; lastKnownFileType = sourcecode.swift; path = NewsAppTests.swift; sourceTree = "<group>"; };
		E37BB13F2B63799100D3B983 /* NewsAppUITests.xctest */ = {isa = PBXFileReference; explicitFileType = wrapper.cfbundle; includeInIndex = 0; path = NewsAppUITests.xctest; sourceTree = BUILT_PRODUCTS_DIR; };
		E37BB1432B63799100D3B983 /* NewsAppUITests.swift */ = {isa = PBXFileReference; lastKnownFileType = sourcecode.swift; path = NewsAppUITests.swift; sourceTree = "<group>"; };
		E37BB1452B63799100D3B983 /* NewsAppUITestsLaunchTests.swift */ = {isa = PBXFileReference; lastKnownFileType = sourcecode.swift; path = NewsAppUITestsLaunchTests.swift; sourceTree = "<group>"; };
		E37BB1592B637AB300D3B983 /* APIManager.swift */ = {isa = PBXFileReference; lastKnownFileType = sourcecode.swift; path = APIManager.swift; sourceTree = "<group>"; };
		E37BB15B2B637ABE00D3B983 /* APIServices.swift */ = {isa = PBXFileReference; lastKnownFileType = sourcecode.swift; path = APIServices.swift; sourceTree = "<group>"; };
		E37BB15D2B637D3000D3B983 /* NewsApiService.swift */ = {isa = PBXFileReference; lastKnownFileType = sourcecode.swift; path = NewsApiService.swift; sourceTree = "<group>"; };
		E37BB15F2B637D6600D3B983 /* Enums.swift */ = {isa = PBXFileReference; lastKnownFileType = sourcecode.swift; path = Enums.swift; sourceTree = "<group>"; };
		E37BB1612B637DBB00D3B983 /* DetailViewModel.swift */ = {isa = PBXFileReference; lastKnownFileType = sourcecode.swift; path = DetailViewModel.swift; sourceTree = "<group>"; };
		E3EE7BED2B77FC8700EB4B5B /* TextView.swift */ = {isa = PBXFileReference; lastKnownFileType = sourcecode.swift; path = TextView.swift; sourceTree = "<group>"; };
		E3EE7BEF2B77FCAF00EB4B5B /* TableHeader.swift */ = {isa = PBXFileReference; lastKnownFileType = sourcecode.swift; path = TableHeader.swift; sourceTree = "<group>"; };
		E3EE7BF12B77FCD200EB4B5B /* SymbolView.swift */ = {isa = PBXFileReference; lastKnownFileType = sourcecode.swift; path = SymbolView.swift; sourceTree = "<group>"; };
		E3EE7BF32B77FCF500EB4B5B /* EmptyStateView.swift */ = {isa = PBXFileReference; lastKnownFileType = sourcecode.swift; path = EmptyStateView.swift; sourceTree = "<group>"; };
		E3EE7BF62B77FD4400EB4B5B /* BodyLabel.swift */ = {isa = PBXFileReference; lastKnownFileType = sourcecode.swift; path = BodyLabel.swift; sourceTree = "<group>"; };
		E3EE7BF82B77FD7D00EB4B5B /* TitleLabel.swift */ = {isa = PBXFileReference; lastKnownFileType = sourcecode.swift; path = TitleLabel.swift; sourceTree = "<group>"; };
		E3EE7BFB2B77FDBA00EB4B5B /* Button.swift */ = {isa = PBXFileReference; lastKnownFileType = sourcecode.swift; path = Button.swift; sourceTree = "<group>"; };
		F5890C082A7327FF6156F3EC /* Pods-NewsAppTests.release.xcconfig */ = {isa = PBXFileReference; includeInIndex = 1; lastKnownFileType = text.xcconfig; name = "Pods-NewsAppTests.release.xcconfig"; path = "Target Support Files/Pods-NewsAppTests/Pods-NewsAppTests.release.xcconfig"; sourceTree = "<group>"; };
		FF8AFDAB539AF912A4CF36F2 /* Pods_NewsApp.framework */ = {isa = PBXFileReference; explicitFileType = wrapper.framework; includeInIndex = 0; path = Pods_NewsApp.framework; sourceTree = BUILT_PRODUCTS_DIR; };
/* End PBXFileReference section */

/* Begin PBXFrameworksBuildPhase section */
		E37BB11C2B63798F00D3B983 /* Frameworks */ = {
			isa = PBXFrameworksBuildPhase;
			buildActionMask = 2147483647;
			files = (
				4A5B827DDCCBC89AEFB62958 /* Pods_NewsApp.framework in Frameworks */,
			);
			runOnlyForDeploymentPostprocessing = 0;
		};
		E37BB1322B63799100D3B983 /* Frameworks */ = {
			isa = PBXFrameworksBuildPhase;
			buildActionMask = 2147483647;
			files = (
				27A59C2061ECD477DAD850ED /* Pods_NewsAppTests.framework in Frameworks */,
			);
			runOnlyForDeploymentPostprocessing = 0;
		};
		E37BB13C2B63799100D3B983 /* Frameworks */ = {
			isa = PBXFrameworksBuildPhase;
			buildActionMask = 2147483647;
			files = (
				9C626C880E60CB7A01BD78F5 /* Pods_NewsApp_NewsAppUITests.framework in Frameworks */,
			);
			runOnlyForDeploymentPostprocessing = 0;
		};
/* End PBXFrameworksBuildPhase section */

/* Begin PBXGroup section */
		A348476E2A9892C9A4A094AA /* Frameworks */ = {
			isa = PBXGroup;
			children = (
				FF8AFDAB539AF912A4CF36F2 /* Pods_NewsApp.framework */,
				B014DE1A705532D6327ACB5B /* Pods_NewsApp_NewsAppUITests.framework */,
				D55667A6535A3DED1E7B0AC1 /* Pods_NewsAppTests.framework */,
			);
			name = Frameworks;
			sourceTree = "<group>";
		};
		E37BB1162B63798F00D3B983 = {
			isa = PBXGroup;
			children = (
				E37BB1212B63798F00D3B983 /* NewsApp */,
				E37BB1382B63799100D3B983 /* NewsAppTests */,
				E37BB1422B63799100D3B983 /* NewsAppUITests */,
				E37BB1202B63798F00D3B983 /* Products */,
				EDC07ECCD6F073CB4554C20E /* Pods */,
				A348476E2A9892C9A4A094AA /* Frameworks */,
			);
			sourceTree = "<group>";
		};
		E37BB1202B63798F00D3B983 /* Products */ = {
			isa = PBXGroup;
			children = (
				E37BB11F2B63798F00D3B983 /* NewsApp.app */,
				E37BB1352B63799100D3B983 /* NewsAppTests.xctest */,
				E37BB13F2B63799100D3B983 /* NewsAppUITests.xctest */,
			);
			name = Products;
			sourceTree = "<group>";
		};
		E37BB1212B63798F00D3B983 /* NewsApp */ = {
			isa = PBXGroup;
			children = (
				E3EE7BFA2B77FDAE00EB4B5B /* Buttons */,
				E3EE7BF52B77FD3400EB4B5B /* Labels */,
				E3EE7BEC2B77FC7700EB4B5B /* Extensions */,
				E3E5679E2B63FEB600597462 /* Cells */,
				E37BB1582B637A0200D3B983 /* ViewModel */,
				E37BB1572B6379F600D3B983 /* ViewController */,
				E37BB1552B6379E000D3B983 /* Model */,
				E37BB1542B6379D500D3B983 /* Utility */,
				E37BB1532B6379C600D3B983 /* APIHandler */,
				E37BB1522B6379B600D3B983 /* CommonClass */,
				E37BB12B2B63799100D3B983 /* Assets.xcassets */,
				E37BB12D2B63799100D3B983 /* LaunchScreen.storyboard */,
				E37BB1302B63799100D3B983 /* Info.plist */,
			);
			path = NewsApp;
			sourceTree = "<group>";
		};
		E37BB1382B63799100D3B983 /* NewsAppTests */ = {
			isa = PBXGroup;
			children = (
				E37BB1392B63799100D3B983 /* NewsAppTests.swift */,
			);
			path = NewsAppTests;
			sourceTree = "<group>";
		};
		E37BB1422B63799100D3B983 /* NewsAppUITests */ = {
			isa = PBXGroup;
			children = (
				E37BB1432B63799100D3B983 /* NewsAppUITests.swift */,
				E37BB1452B63799100D3B983 /* NewsAppUITestsLaunchTests.swift */,
			);
			path = NewsAppUITests;
			sourceTree = "<group>";
		};
		E37BB1522B6379B600D3B983 /* CommonClass */ = {
			isa = PBXGroup;
			children = (
				E37BB15F2B637D6600D3B983 /* Enums.swift */,
			);
			path = CommonClass;
			sourceTree = "<group>";
		};
		E37BB1532B6379C600D3B983 /* APIHandler */ = {
			isa = PBXGroup;
			children = (
				E37BB1592B637AB300D3B983 /* APIManager.swift */,
				E37BB15B2B637ABE00D3B983 /* APIServices.swift */,
				E37BB15D2B637D3000D3B983 /* NewsApiService.swift */,
			);
			path = APIHandler;
			sourceTree = "<group>";
		};
		E37BB1542B6379D500D3B983 /* Utility */ = {
			isa = PBXGroup;
			children = (
				E37BB1222B63798F00D3B983 /* AppDelegate.swift */,
				E37BB1242B63798F00D3B983 /* SceneDelegate.swift */,
			);
			path = Utility;
			sourceTree = "<group>";
		};
		E37BB1552B6379E000D3B983 /* Model */ = {
			isa = PBXGroup;
			children = (
				E31DA9162B641B0F0023F37C /* NewsModel.swift */,
			);
			path = Model;
			sourceTree = "<group>";
		};
		E37BB1572B6379F600D3B983 /* ViewController */ = {
			isa = PBXGroup;
			children = (
				E31DA9102B641AE20023F37C /* NewsDetailViewController.xib */,
				E31DA9122B641AE80023F37C /* NewsListViewController.swift */,
				E31DA9142B641AED0023F37C /* NewsListViewController.xib */,
				E31DA90E2B641ADD0023F37C /* NewsDetailViewController.swift */,
			);
			path = ViewController;
			sourceTree = "<group>";
		};
		E37BB1582B637A0200D3B983 /* ViewModel */ = {
			isa = PBXGroup;
			children = (
				E37BB1612B637DBB00D3B983 /* DetailViewModel.swift */,
				E31DA90C2B641AD10023F37C /* ListViewModel.swift */,
			);
			path = ViewModel;
			sourceTree = "<group>";
		};
		E3E5679E2B63FEB600597462 /* Cells */ = {
			isa = PBXGroup;
			children = (
				E31DA90A2B641AC30023F37C /* NewsTableViewCell.xib */,
				E31DA9082B641ABC0023F37C /* NewsTableViewCell.swift */,
			);
			path = Cells;
			sourceTree = "<group>";
		};
		E3EE7BEC2B77FC7700EB4B5B /* Extensions */ = {
			isa = PBXGroup;
			children = (
				E3EE7BED2B77FC8700EB4B5B /* TextView.swift */,
				E3EE7BEF2B77FCAF00EB4B5B /* TableHeader.swift */,
				E3EE7BF12B77FCD200EB4B5B /* SymbolView.swift */,
				E3EE7BF32B77FCF500EB4B5B /* EmptyStateView.swift */,
			);
			path = Extensions;
			sourceTree = "<group>";
		};
		E3EE7BF52B77FD3400EB4B5B /* Labels */ = {
			isa = PBXGroup;
			children = (
				E3EE7BF62B77FD4400EB4B5B /* BodyLabel.swift */,
				E3EE7BF82B77FD7D00EB4B5B /* TitleLabel.swift */,
			);
			path = Labels;
			sourceTree = "<group>";
		};
		E3EE7BFA2B77FDAE00EB4B5B /* Buttons */ = {
			isa = PBXGroup;
			children = (
				E3EE7BFB2B77FDBA00EB4B5B /* Button.swift */,
			);
			path = Buttons;
			sourceTree = "<group>";
		};
		EDC07ECCD6F073CB4554C20E /* Pods */ = {
			isa = PBXGroup;
			children = (
				9AD13EEDFBEEFE894701F134 /* Pods-NewsApp.debug.xcconfig */,
				9F7F2BEA63C839256C9DC6B0 /* Pods-NewsApp.release.xcconfig */,
				7567AEC27EE12BB14C0BDDFE /* Pods-NewsApp-NewsAppUITests.debug.xcconfig */,
				444DF48970CF4B90048C6668 /* Pods-NewsApp-NewsAppUITests.release.xcconfig */,
				382843626AD24F68444B5A2C /* Pods-NewsAppTests.debug.xcconfig */,
				F5890C082A7327FF6156F3EC /* Pods-NewsAppTests.release.xcconfig */,
			);
			path = Pods;
			sourceTree = "<group>";
		};
/* End PBXGroup section */

/* Begin PBXNativeTarget section */
		E37BB11E2B63798F00D3B983 /* NewsApp */ = {
			isa = PBXNativeTarget;
			buildConfigurationList = E37BB1492B63799100D3B983 /* Build configuration list for PBXNativeTarget "NewsApp" */;
			buildPhases = (
				5A8D01DCB713805F369E053B /* [CP] Check Pods Manifest.lock */,
				E37BB11B2B63798F00D3B983 /* Sources */,
				E37BB11C2B63798F00D3B983 /* Frameworks */,
				E37BB11D2B63798F00D3B983 /* Resources */,
				17AEA4BEE3E6A0D72A4B9463 /* [CP] Embed Pods Frameworks */,
			);
			buildRules = (
			);
			dependencies = (
			);
			name = NewsApp;
			productName = NewsApp;
			productReference = E37BB11F2B63798F00D3B983 /* NewsApp.app */;
			productType = "com.apple.product-type.application";
		};
		E37BB1342B63799100D3B983 /* NewsAppTests */ = {
			isa = PBXNativeTarget;
			buildConfigurationList = E37BB14C2B63799100D3B983 /* Build configuration list for PBXNativeTarget "NewsAppTests" */;
			buildPhases = (
				63385283EAE040FFFBC0585E /* [CP] Check Pods Manifest.lock */,
				E37BB1312B63799100D3B983 /* Sources */,
				E37BB1322B63799100D3B983 /* Frameworks */,
				E37BB1332B63799100D3B983 /* Resources */,
			);
			buildRules = (
			);
			dependencies = (
				E37BB1372B63799100D3B983 /* PBXTargetDependency */,
			);
			name = NewsAppTests;
			productName = NewsAppTests;
			productReference = E37BB1352B63799100D3B983 /* NewsAppTests.xctest */;
			productType = "com.apple.product-type.bundle.unit-test";
		};
		E37BB13E2B63799100D3B983 /* NewsAppUITests */ = {
			isa = PBXNativeTarget;
			buildConfigurationList = E37BB14F2B63799100D3B983 /* Build configuration list for PBXNativeTarget "NewsAppUITests" */;
			buildPhases = (
				8C46FFFCD0D5D8D679C63BFE /* [CP] Check Pods Manifest.lock */,
				E37BB13B2B63799100D3B983 /* Sources */,
				E37BB13C2B63799100D3B983 /* Frameworks */,
				E37BB13D2B63799100D3B983 /* Resources */,
				7200E0EF6B336A938D6BD02B /* [CP] Embed Pods Frameworks */,
			);
			buildRules = (
			);
			dependencies = (
				E37BB1412B63799100D3B983 /* PBXTargetDependency */,
			);
			name = NewsAppUITests;
			productName = NewsAppUITests;
			productReference = E37BB13F2B63799100D3B983 /* NewsAppUITests.xctest */;
			productType = "com.apple.product-type.bundle.ui-testing";
		};
/* End PBXNativeTarget section */

/* Begin PBXProject section */
		E37BB1172B63798F00D3B983 /* Project object */ = {
			isa = PBXProject;
			attributes = {
				BuildIndependentTargetsInParallel = 1;
				LastSwiftUpdateCheck = 1520;
				LastUpgradeCheck = 1520;
				TargetAttributes = {
					E37BB11E2B63798F00D3B983 = {
						CreatedOnToolsVersion = 15.2;
					};
					E37BB1342B63799100D3B983 = {
						CreatedOnToolsVersion = 15.2;
						TestTargetID = E37BB11E2B63798F00D3B983;
					};
					E37BB13E2B63799100D3B983 = {
						CreatedOnToolsVersion = 15.2;
						TestTargetID = E37BB11E2B63798F00D3B983;
					};
				};
			};
			buildConfigurationList = E37BB11A2B63798F00D3B983 /* Build configuration list for PBXProject "NewsApp" */;
			compatibilityVersion = "Xcode 14.0";
			developmentRegion = en;
			hasScannedForEncodings = 0;
			knownRegions = (
				en,
				Base,
			);
			mainGroup = E37BB1162B63798F00D3B983;
			productRefGroup = E37BB1202B63798F00D3B983 /* Products */;
			projectDirPath = "";
			projectRoot = "";
			targets = (
				E37BB11E2B63798F00D3B983 /* NewsApp */,
				E37BB1342B63799100D3B983 /* NewsAppTests */,
				E37BB13E2B63799100D3B983 /* NewsAppUITests */,
			);
		};
/* End PBXProject section */

/* Begin PBXResourcesBuildPhase section */
		E37BB11D2B63798F00D3B983 /* Resources */ = {
			isa = PBXResourcesBuildPhase;
			buildActionMask = 2147483647;
			files = (
				E31DA9152B641AED0023F37C /* NewsListViewController.xib in Resources */,
				E31DA9112B641AE20023F37C /* NewsDetailViewController.xib in Resources */,
				E37BB12F2B63799100D3B983 /* LaunchScreen.storyboard in Resources */,
				E37BB12C2B63799100D3B983 /* Assets.xcassets in Resources */,
				E31DA90B2B641AC30023F37C /* NewsTableViewCell.xib in Resources */,
			);
			runOnlyForDeploymentPostprocessing = 0;
		};
		E37BB1332B63799100D3B983 /* Resources */ = {
			isa = PBXResourcesBuildPhase;
			buildActionMask = 2147483647;
			files = (
			);
			runOnlyForDeploymentPostprocessing = 0;
		};
		E37BB13D2B63799100D3B983 /* Resources */ = {
			isa = PBXResourcesBuildPhase;
			buildActionMask = 2147483647;
			files = (
			);
			runOnlyForDeploymentPostprocessing = 0;
		};
/* End PBXResourcesBuildPhase section */

/* Begin PBXShellScriptBuildPhase section */
		17AEA4BEE3E6A0D72A4B9463 /* [CP] Embed Pods Frameworks */ = {
			isa = PBXShellScriptBuildPhase;
			buildActionMask = 2147483647;
			files = (
			);
			inputFileListPaths = (
				"${PODS_ROOT}/Target Support Files/Pods-NewsApp/Pods-NewsApp-frameworks-${CONFIGURATION}-input-files.xcfilelist",
			);
			name = "[CP] Embed Pods Frameworks";
			outputFileListPaths = (
				"${PODS_ROOT}/Target Support Files/Pods-NewsApp/Pods-NewsApp-frameworks-${CONFIGURATION}-output-files.xcfilelist",
			);
			runOnlyForDeploymentPostprocessing = 0;
			shellPath = /bin/sh;
			shellScript = "\"${PODS_ROOT}/Target Support Files/Pods-NewsApp/Pods-NewsApp-frameworks.sh\"\n";
			showEnvVarsInLog = 0;
		};
		5A8D01DCB713805F369E053B /* [CP] Check Pods Manifest.lock */ = {
			isa = PBXShellScriptBuildPhase;
			buildActionMask = 2147483647;
			files = (
			);
			inputFileListPaths = (
			);
			inputPaths = (
				"${PODS_PODFILE_DIR_PATH}/Podfile.lock",
				"${PODS_ROOT}/Manifest.lock",
			);
			name = "[CP] Check Pods Manifest.lock";
			outputFileListPaths = (
			);
			outputPaths = (
				"$(DERIVED_FILE_DIR)/Pods-NewsApp-checkManifestLockResult.txt",
			);
			runOnlyForDeploymentPostprocessing = 0;
			shellPath = /bin/sh;
			shellScript = "diff \"${PODS_PODFILE_DIR_PATH}/Podfile.lock\" \"${PODS_ROOT}/Manifest.lock\" > /dev/null\nif [ $? != 0 ] ; then\n    # print error to STDERR\n    echo \"error: The sandbox is not in sync with the Podfile.lock. Run 'pod install' or update your CocoaPods installation.\" >&2\n    exit 1\nfi\n# This output is used by Xcode 'outputs' to avoid re-running this script phase.\necho \"SUCCESS\" > \"${SCRIPT_OUTPUT_FILE_0}\"\n";
			showEnvVarsInLog = 0;
		};
		63385283EAE040FFFBC0585E /* [CP] Check Pods Manifest.lock */ = {
			isa = PBXShellScriptBuildPhase;
			buildActionMask = 2147483647;
			files = (
			);
			inputFileListPaths = (
			);
			inputPaths = (
				"${PODS_PODFILE_DIR_PATH}/Podfile.lock",
				"${PODS_ROOT}/Manifest.lock",
			);
			name = "[CP] Check Pods Manifest.lock";
			outputFileListPaths = (
			);
			outputPaths = (
				"$(DERIVED_FILE_DIR)/Pods-NewsAppTests-checkManifestLockResult.txt",
			);
			runOnlyForDeploymentPostprocessing = 0;
			shellPath = /bin/sh;
			shellScript = "diff \"${PODS_PODFILE_DIR_PATH}/Podfile.lock\" \"${PODS_ROOT}/Manifest.lock\" > /dev/null\nif [ $? != 0 ] ; then\n    # print error to STDERR\n    echo \"error: The sandbox is not in sync with the Podfile.lock. Run 'pod install' or update your CocoaPods installation.\" >&2\n    exit 1\nfi\n# This output is used by Xcode 'outputs' to avoid re-running this script phase.\necho \"SUCCESS\" > \"${SCRIPT_OUTPUT_FILE_0}\"\n";
			showEnvVarsInLog = 0;
		};
		7200E0EF6B336A938D6BD02B /* [CP] Embed Pods Frameworks */ = {
			isa = PBXShellScriptBuildPhase;
			buildActionMask = 2147483647;
			files = (
			);
			inputFileListPaths = (
				"${PODS_ROOT}/Target Support Files/Pods-NewsApp-NewsAppUITests/Pods-NewsApp-NewsAppUITests-frameworks-${CONFIGURATION}-input-files.xcfilelist",
			);
			name = "[CP] Embed Pods Frameworks";
			outputFileListPaths = (
				"${PODS_ROOT}/Target Support Files/Pods-NewsApp-NewsAppUITests/Pods-NewsApp-NewsAppUITests-frameworks-${CONFIGURATION}-output-files.xcfilelist",
			);
			runOnlyForDeploymentPostprocessing = 0;
			shellPath = /bin/sh;
			shellScript = "\"${PODS_ROOT}/Target Support Files/Pods-NewsApp-NewsAppUITests/Pods-NewsApp-NewsAppUITests-frameworks.sh\"\n";
			showEnvVarsInLog = 0;
		};
		8C46FFFCD0D5D8D679C63BFE /* [CP] Check Pods Manifest.lock */ = {
			isa = PBXShellScriptBuildPhase;
			buildActionMask = 2147483647;
			files = (
			);
			inputFileListPaths = (
			);
			inputPaths = (
				"${PODS_PODFILE_DIR_PATH}/Podfile.lock",
				"${PODS_ROOT}/Manifest.lock",
			);
			name = "[CP] Check Pods Manifest.lock";
			outputFileListPaths = (
			);
			outputPaths = (
				"$(DERIVED_FILE_DIR)/Pods-NewsApp-NewsAppUITests-checkManifestLockResult.txt",
			);
			runOnlyForDeploymentPostprocessing = 0;
			shellPath = /bin/sh;
			shellScript = "diff \"${PODS_PODFILE_DIR_PATH}/Podfile.lock\" \"${PODS_ROOT}/Manifest.lock\" > /dev/null\nif [ $? != 0 ] ; then\n    # print error to STDERR\n    echo \"error: The sandbox is not in sync with the Podfile.lock. Run 'pod install' or update your CocoaPods installation.\" >&2\n    exit 1\nfi\n# This output is used by Xcode 'outputs' to avoid re-running this script phase.\necho \"SUCCESS\" > \"${SCRIPT_OUTPUT_FILE_0}\"\n";
			showEnvVarsInLog = 0;
		};
/* End PBXShellScriptBuildPhase section */

/* Begin PBXSourcesBuildPhase section */
		E37BB11B2B63798F00D3B983 /* Sources */ = {
			isa = PBXSourcesBuildPhase;
			buildActionMask = 2147483647;
			files = (
				E3EE7BF02B77FCAF00EB4B5B /* TableHeader.swift in Sources */,
				E37BB15A2B637AB300D3B983 /* APIManager.swift in Sources */,
				E37BB1232B63798F00D3B983 /* AppDelegate.swift in Sources */,
				E31DA9132B641AE80023F37C /* NewsListViewController.swift in Sources */,
				E31DA9092B641ABC0023F37C /* NewsTableViewCell.swift in Sources */,
				E3EE7BEE2B77FC8700EB4B5B /* TextView.swift in Sources */,
				E3EE7BF22B77FCD200EB4B5B /* SymbolView.swift in Sources */,
				E37BB1252B63798F00D3B983 /* SceneDelegate.swift in Sources */,
				E31DA90F2B641ADD0023F37C /* NewsDetailViewController.swift in Sources */,
				E37BB1602B637D6600D3B983 /* Enums.swift in Sources */,
				E37BB15C2B637ABE00D3B983 /* APIServices.swift in Sources */,
				E31DA9172B641B0F0023F37C /* NewsModel.swift in Sources */,
				E31DA90D2B641AD10023F37C /* ListViewModel.swift in Sources */,
				E3EE7BF42B77FCF500EB4B5B /* EmptyStateView.swift in Sources */,
				E3EE7BF72B77FD4400EB4B5B /* BodyLabel.swift in Sources */,
				E3EE7BF92B77FD7D00EB4B5B /* TitleLabel.swift in Sources */,
				E3EE7BFC2B77FDBA00EB4B5B /* Button.swift in Sources */,
				E37BB15E2B637D3000D3B983 /* NewsApiService.swift in Sources */,
				E37BB1622B637DBB00D3B983 /* DetailViewModel.swift in Sources */,
			);
			runOnlyForDeploymentPostprocessing = 0;
		};
		E37BB1312B63799100D3B983 /* Sources */ = {
			isa = PBXSourcesBuildPhase;
			buildActionMask = 2147483647;
			files = (
				E37BB13A2B63799100D3B983 /* NewsAppTests.swift in Sources */,
			);
			runOnlyForDeploymentPostprocessing = 0;
		};
		E37BB13B2B63799100D3B983 /* Sources */ = {
			isa = PBXSourcesBuildPhase;
			buildActionMask = 2147483647;
			files = (
				E37BB1442B63799100D3B983 /* NewsAppUITests.swift in Sources */,
				E37BB1462B63799100D3B983 /* NewsAppUITestsLaunchTests.swift in Sources */,
			);
			runOnlyForDeploymentPostprocessing = 0;
		};
/* End PBXSourcesBuildPhase section */

/* Begin PBXTargetDependency section */
		E37BB1372B63799100D3B983 /* PBXTargetDependency */ = {
			isa = PBXTargetDependency;
			target = E37BB11E2B63798F00D3B983 /* NewsApp */;
			targetProxy = E37BB1362B63799100D3B983 /* PBXContainerItemProxy */;
		};
		E37BB1412B63799100D3B983 /* PBXTargetDependency */ = {
			isa = PBXTargetDependency;
			target = E37BB11E2B63798F00D3B983 /* NewsApp */;
			targetProxy = E37BB1402B63799100D3B983 /* PBXContainerItemProxy */;
		};
/* End PBXTargetDependency section */

/* Begin PBXVariantGroup section */
		E37BB12D2B63799100D3B983 /* LaunchScreen.storyboard */ = {
			isa = PBXVariantGroup;
			children = (
				E37BB12E2B63799100D3B983 /* Base */,
			);
			name = LaunchScreen.storyboard;
			sourceTree = "<group>";
		};
/* End PBXVariantGroup section */

/* Begin XCBuildConfiguration section */
		E37BB1472B63799100D3B983 /* Debug */ = {
			isa = XCBuildConfiguration;
			buildSettings = {
				ALWAYS_SEARCH_USER_PATHS = NO;
				ASSETCATALOG_COMPILER_GENERATE_SWIFT_ASSET_SYMBOL_EXTENSIONS = YES;
				CLANG_ANALYZER_NONNULL = YES;
				CLANG_ANALYZER_NUMBER_OBJECT_CONVERSION = YES_AGGRESSIVE;
				CLANG_CXX_LANGUAGE_STANDARD = "gnu++20";
				CLANG_ENABLE_MODULES = YES;
				CLANG_ENABLE_OBJC_ARC = YES;
				CLANG_ENABLE_OBJC_WEAK = YES;
				CLANG_WARN_BLOCK_CAPTURE_AUTORELEASING = YES;
				CLANG_WARN_BOOL_CONVERSION = YES;
				CLANG_WARN_COMMA = YES;
				CLANG_WARN_CONSTANT_CONVERSION = YES;
				CLANG_WARN_DEPRECATED_OBJC_IMPLEMENTATIONS = YES;
				CLANG_WARN_DIRECT_OBJC_ISA_USAGE = YES_ERROR;
				CLANG_WARN_DOCUMENTATION_COMMENTS = YES;
				CLANG_WARN_EMPTY_BODY = YES;
				CLANG_WARN_ENUM_CONVERSION = YES;
				CLANG_WARN_INFINITE_RECURSION = YES;
				CLANG_WARN_INT_CONVERSION = YES;
				CLANG_WARN_NON_LITERAL_NULL_CONVERSION = YES;
				CLANG_WARN_OBJC_IMPLICIT_RETAIN_SELF = YES;
				CLANG_WARN_OBJC_LITERAL_CONVERSION = YES;
				CLANG_WARN_OBJC_ROOT_CLASS = YES_ERROR;
				CLANG_WARN_QUOTED_INCLUDE_IN_FRAMEWORK_HEADER = YES;
				CLANG_WARN_RANGE_LOOP_ANALYSIS = YES;
				CLANG_WARN_STRICT_PROTOTYPES = YES;
				CLANG_WARN_SUSPICIOUS_MOVE = YES;
				CLANG_WARN_UNGUARDED_AVAILABILITY = YES_AGGRESSIVE;
				CLANG_WARN_UNREACHABLE_CODE = YES;
				CLANG_WARN__DUPLICATE_METHOD_MATCH = YES;
				COPY_PHASE_STRIP = NO;
				DEBUG_INFORMATION_FORMAT = dwarf;
				ENABLE_STRICT_OBJC_MSGSEND = YES;
				ENABLE_TESTABILITY = YES;
				ENABLE_USER_SCRIPT_SANDBOXING = NO;
				GCC_C_LANGUAGE_STANDARD = gnu17;
				GCC_DYNAMIC_NO_PIC = NO;
				GCC_NO_COMMON_BLOCKS = YES;
				GCC_OPTIMIZATION_LEVEL = 0;
				GCC_PREPROCESSOR_DEFINITIONS = (
					"DEBUG=1",
					"$(inherited)",
				);
				GCC_WARN_64_TO_32_BIT_CONVERSION = YES;
				GCC_WARN_ABOUT_RETURN_TYPE = YES_ERROR;
				GCC_WARN_UNDECLARED_SELECTOR = YES;
				GCC_WARN_UNINITIALIZED_AUTOS = YES_AGGRESSIVE;
				GCC_WARN_UNUSED_FUNCTION = YES;
				GCC_WARN_UNUSED_VARIABLE = YES;
				IPHONEOS_DEPLOYMENT_TARGET = 17.2;
				LOCALIZATION_PREFERS_STRING_CATALOGS = YES;
				MTL_ENABLE_DEBUG_INFO = INCLUDE_SOURCE;
				MTL_FAST_MATH = YES;
				ONLY_ACTIVE_ARCH = YES;
				SDKROOT = iphoneos;
				SWIFT_ACTIVE_COMPILATION_CONDITIONS = "DEBUG $(inherited)";
				SWIFT_OPTIMIZATION_LEVEL = "-Onone";
			};
			name = Debug;
		};
		E37BB1482B63799100D3B983 /* Release */ = {
			isa = XCBuildConfiguration;
			buildSettings = {
				ALWAYS_SEARCH_USER_PATHS = NO;
				ASSETCATALOG_COMPILER_GENERATE_SWIFT_ASSET_SYMBOL_EXTENSIONS = YES;
				CLANG_ANALYZER_NONNULL = YES;
				CLANG_ANALYZER_NUMBER_OBJECT_CONVERSION = YES_AGGRESSIVE;
				CLANG_CXX_LANGUAGE_STANDARD = "gnu++20";
				CLANG_ENABLE_MODULES = YES;
				CLANG_ENABLE_OBJC_ARC = YES;
				CLANG_ENABLE_OBJC_WEAK = YES;
				CLANG_WARN_BLOCK_CAPTURE_AUTORELEASING = YES;
				CLANG_WARN_BOOL_CONVERSION = YES;
				CLANG_WARN_COMMA = YES;
				CLANG_WARN_CONSTANT_CONVERSION = YES;
				CLANG_WARN_DEPRECATED_OBJC_IMPLEMENTATIONS = YES;
				CLANG_WARN_DIRECT_OBJC_ISA_USAGE = YES_ERROR;
				CLANG_WARN_DOCUMENTATION_COMMENTS = YES;
				CLANG_WARN_EMPTY_BODY = YES;
				CLANG_WARN_ENUM_CONVERSION = YES;
				CLANG_WARN_INFINITE_RECURSION = YES;
				CLANG_WARN_INT_CONVERSION = YES;
				CLANG_WARN_NON_LITERAL_NULL_CONVERSION = YES;
				CLANG_WARN_OBJC_IMPLICIT_RETAIN_SELF = YES;
				CLANG_WARN_OBJC_LITERAL_CONVERSION = YES;
				CLANG_WARN_OBJC_ROOT_CLASS = YES_ERROR;
				CLANG_WARN_QUOTED_INCLUDE_IN_FRAMEWORK_HEADER = YES;
				CLANG_WARN_RANGE_LOOP_ANALYSIS = YES;
				CLANG_WARN_STRICT_PROTOTYPES = YES;
				CLANG_WARN_SUSPICIOUS_MOVE = YES;
				CLANG_WARN_UNGUARDED_AVAILABILITY = YES_AGGRESSIVE;
				CLANG_WARN_UNREACHABLE_CODE = YES;
				CLANG_WARN__DUPLICATE_METHOD_MATCH = YES;
				COPY_PHASE_STRIP = NO;
				DEBUG_INFORMATION_FORMAT = "dwarf-with-dsym";
				ENABLE_NS_ASSERTIONS = NO;
				ENABLE_STRICT_OBJC_MSGSEND = YES;
				ENABLE_USER_SCRIPT_SANDBOXING = NO;
				GCC_C_LANGUAGE_STANDARD = gnu17;
				GCC_NO_COMMON_BLOCKS = YES;
				GCC_WARN_64_TO_32_BIT_CONVERSION = YES;
				GCC_WARN_ABOUT_RETURN_TYPE = YES_ERROR;
				GCC_WARN_UNDECLARED_SELECTOR = YES;
				GCC_WARN_UNINITIALIZED_AUTOS = YES_AGGRESSIVE;
				GCC_WARN_UNUSED_FUNCTION = YES;
				GCC_WARN_UNUSED_VARIABLE = YES;
				IPHONEOS_DEPLOYMENT_TARGET = 17.2;
				LOCALIZATION_PREFERS_STRING_CATALOGS = YES;
				MTL_ENABLE_DEBUG_INFO = NO;
				MTL_FAST_MATH = YES;
				SDKROOT = iphoneos;
				SWIFT_COMPILATION_MODE = wholemodule;
				VALIDATE_PRODUCT = YES;
			};
			name = Release;
		};
		E37BB14A2B63799100D3B983 /* Debug */ = {
			isa = XCBuildConfiguration;
			baseConfigurationReference = 9AD13EEDFBEEFE894701F134 /* Pods-NewsApp.debug.xcconfig */;
			buildSettings = {
				ASSETCATALOG_COMPILER_APPICON_NAME = AppIcon;
				ASSETCATALOG_COMPILER_GLOBAL_ACCENT_COLOR_NAME = AccentColor;
				CODE_SIGN_STYLE = Automatic;
				CURRENT_PROJECT_VERSION = 1;
				ENABLE_USER_SCRIPT_SANDBOXING = NO;
				GENERATE_INFOPLIST_FILE = YES;
				INFOPLIST_FILE = NewsApp/Info.plist;
				INFOPLIST_KEY_UIApplicationSupportsIndirectInputEvents = YES;
				INFOPLIST_KEY_UILaunchStoryboardName = LaunchScreen;
				INFOPLIST_KEY_UISupportedInterfaceOrientations_iPad = "UIInterfaceOrientationPortrait UIInterfaceOrientationPortraitUpsideDown UIInterfaceOrientationLandscapeLeft UIInterfaceOrientationLandscapeRight";
				INFOPLIST_KEY_UISupportedInterfaceOrientations_iPhone = "UIInterfaceOrientationPortrait UIInterfaceOrientationLandscapeLeft UIInterfaceOrientationLandscapeRight";
				LD_RUNPATH_SEARCH_PATHS = (
					"$(inherited)",
					"@executable_path/Frameworks",
				);
				MARKETING_VERSION = 1.0;
				PRODUCT_BUNDLE_IDENTIFIER = com.NewsApp.NewsApp;
				PRODUCT_NAME = "$(TARGET_NAME)";
				SWIFT_EMIT_LOC_STRINGS = YES;
				SWIFT_VERSION = 5.0;
				TARGETED_DEVICE_FAMILY = "1,2";
			};
			name = Debug;
		};
		E37BB14B2B63799100D3B983 /* Release */ = {
			isa = XCBuildConfiguration;
			baseConfigurationReference = 9F7F2BEA63C839256C9DC6B0 /* Pods-NewsApp.release.xcconfig */;
			buildSettings = {
				ASSETCATALOG_COMPILER_APPICON_NAME = AppIcon;
				ASSETCATALOG_COMPILER_GLOBAL_ACCENT_COLOR_NAME = AccentColor;
				CODE_SIGN_STYLE = Automatic;
				CURRENT_PROJECT_VERSION = 1;
				ENABLE_USER_SCRIPT_SANDBOXING = NO;
				GENERATE_INFOPLIST_FILE = YES;
				INFOPLIST_FILE = NewsApp/Info.plist;
				INFOPLIST_KEY_UIApplicationSupportsIndirectInputEvents = YES;
				INFOPLIST_KEY_UILaunchStoryboardName = LaunchScreen;
				INFOPLIST_KEY_UISupportedInterfaceOrientations_iPad = "UIInterfaceOrientationPortrait UIInterfaceOrientationPortraitUpsideDown UIInterfaceOrientationLandscapeLeft UIInterfaceOrientationLandscapeRight";
				INFOPLIST_KEY_UISupportedInterfaceOrientations_iPhone = "UIInterfaceOrientationPortrait UIInterfaceOrientationLandscapeLeft UIInterfaceOrientationLandscapeRight";
				LD_RUNPATH_SEARCH_PATHS = (
					"$(inherited)",
					"@executable_path/Frameworks",
				);
				MARKETING_VERSION = 1.0;
				PRODUCT_BUNDLE_IDENTIFIER = com.NewsApp.NewsApp;
				PRODUCT_NAME = "$(TARGET_NAME)";
				SWIFT_EMIT_LOC_STRINGS = YES;
				SWIFT_VERSION = 5.0;
				TARGETED_DEVICE_FAMILY = "1,2";
			};
			name = Release;
		};
		E37BB14D2B63799100D3B983 /* Debug */ = {
			isa = XCBuildConfiguration;
			baseConfigurationReference = 382843626AD24F68444B5A2C /* Pods-NewsAppTests.debug.xcconfig */;
			buildSettings = {
				ALWAYS_EMBED_SWIFT_STANDARD_LIBRARIES = YES;
				BUNDLE_LOADER = "$(TEST_HOST)";
				CODE_SIGN_STYLE = Automatic;
				CURRENT_PROJECT_VERSION = 1;
				GENERATE_INFOPLIST_FILE = YES;
				IPHONEOS_DEPLOYMENT_TARGET = 17.2;
				MARKETING_VERSION = 1.0;
				PRODUCT_BUNDLE_IDENTIFIER = com.NewsApp.NewsAppTests;
				PRODUCT_NAME = "$(TARGET_NAME)";
				SWIFT_EMIT_LOC_STRINGS = NO;
				SWIFT_VERSION = 5.0;
				TARGETED_DEVICE_FAMILY = "1,2";
				TEST_HOST = "$(BUILT_PRODUCTS_DIR)/NewsApp.app/$(BUNDLE_EXECUTABLE_FOLDER_PATH)/NewsApp";
			};
			name = Debug;
		};
		E37BB14E2B63799100D3B983 /* Release */ = {
			isa = XCBuildConfiguration;
			baseConfigurationReference = F5890C082A7327FF6156F3EC /* Pods-NewsAppTests.release.xcconfig */;
			buildSettings = {
				ALWAYS_EMBED_SWIFT_STANDARD_LIBRARIES = YES;
				BUNDLE_LOADER = "$(TEST_HOST)";
				CODE_SIGN_STYLE = Automatic;
				CURRENT_PROJECT_VERSION = 1;
				GENERATE_INFOPLIST_FILE = YES;
				IPHONEOS_DEPLOYMENT_TARGET = 17.2;
				MARKETING_VERSION = 1.0;
				PRODUCT_BUNDLE_IDENTIFIER = com.NewsApp.NewsAppTests;
				PRODUCT_NAME = "$(TARGET_NAME)";
				SWIFT_EMIT_LOC_STRINGS = NO;
				SWIFT_VERSION = 5.0;
				TARGETED_DEVICE_FAMILY = "1,2";
				TEST_HOST = "$(BUILT_PRODUCTS_DIR)/NewsApp.app/$(BUNDLE_EXECUTABLE_FOLDER_PATH)/NewsApp";
			};
			name = Release;
		};
		E37BB1502B63799100D3B983 /* Debug */ = {
			isa = XCBuildConfiguration;
			baseConfigurationReference = 7567AEC27EE12BB14C0BDDFE /* Pods-NewsApp-NewsAppUITests.debug.xcconfig */;
			buildSettings = {
				ALWAYS_EMBED_SWIFT_STANDARD_LIBRARIES = YES;
				CODE_SIGN_STYLE = Automatic;
				CURRENT_PROJECT_VERSION = 1;
				GENERATE_INFOPLIST_FILE = YES;
				MARKETING_VERSION = 1.0;
				PRODUCT_BUNDLE_IDENTIFIER = com.NewsApp.NewsAppUITests;
				PRODUCT_NAME = "$(TARGET_NAME)";
				SWIFT_EMIT_LOC_STRINGS = NO;
				SWIFT_VERSION = 5.0;
				TARGETED_DEVICE_FAMILY = "1,2";
				TEST_TARGET_NAME = NewsApp;
			};
			name = Debug;
		};
		E37BB1512B63799100D3B983 /* Release */ = {
			isa = XCBuildConfiguration;
			baseConfigurationReference = 444DF48970CF4B90048C6668 /* Pods-NewsApp-NewsAppUITests.release.xcconfig */;
			buildSettings = {
				ALWAYS_EMBED_SWIFT_STANDARD_LIBRARIES = YES;
				CODE_SIGN_STYLE = Automatic;
				CURRENT_PROJECT_VERSION = 1;
				GENERATE_INFOPLIST_FILE = YES;
				MARKETING_VERSION = 1.0;
				PRODUCT_BUNDLE_IDENTIFIER = com.NewsApp.NewsAppUITests;
				PRODUCT_NAME = "$(TARGET_NAME)";
				SWIFT_EMIT_LOC_STRINGS = NO;
				SWIFT_VERSION = 5.0;
				TARGETED_DEVICE_FAMILY = "1,2";
				TEST_TARGET_NAME = NewsApp;
			};
			name = Release;
		};
/* End XCBuildConfiguration section */

/* Begin XCConfigurationList section */
		E37BB11A2B63798F00D3B983 /* Build configuration list for PBXProject "NewsApp" */ = {
			isa = XCConfigurationList;
			buildConfigurations = (
				E37BB1472B63799100D3B983 /* Debug */,
				E37BB1482B63799100D3B983 /* Release */,
			);
			defaultConfigurationIsVisible = 0;
			defaultConfigurationName = Release;
		};
		E37BB1492B63799100D3B983 /* Build configuration list for PBXNativeTarget "NewsApp" */ = {
			isa = XCConfigurationList;
			buildConfigurations = (
				E37BB14A2B63799100D3B983 /* Debug */,
				E37BB14B2B63799100D3B983 /* Release */,
			);
			defaultConfigurationIsVisible = 0;
			defaultConfigurationName = Release;
		};
		E37BB14C2B63799100D3B983 /* Build configuration list for PBXNativeTarget "NewsAppTests" */ = {
			isa = XCConfigurationList;
			buildConfigurations = (
				E37BB14D2B63799100D3B983 /* Debug */,
				E37BB14E2B63799100D3B983 /* Release */,
			);
			defaultConfigurationIsVisible = 0;
			defaultConfigurationName = Release;
		};
		E37BB14F2B63799100D3B983 /* Build configuration list for PBXNativeTarget "NewsAppUITests" */ = {
			isa = XCConfigurationList;
			buildConfigurations = (
				E37BB1502B63799100D3B983 /* Debug */,
				E37BB1512B63799100D3B983 /* Release */,
			);
			defaultConfigurationIsVisible = 0;
			defaultConfigurationName = Release;
		};
/* End XCConfigurationList section */
	};
	rootObject = E37BB1172B63798F00D3B983 /* Project object */;
}
